
Microsoft Visual Studio Solution File, Format Version 12.00
# Visual Studio Version 17
VisualStudioVersion = 17.13.35931.197 d17.13
MinimumVisualStudioVersion = 10.0.40219.1
Project("{FAE04EC0-301F-11D3-BF4B-00C04F79EFBC}") = "DashboardApi", "DashboardApi\DashboardApi.csproj", "{B933BD80-C4F2-41E6-852B-DFA1A8841ECD}"
EndProject
Global
	GlobalSection(SolutionConfigurationPlatforms) = preSolution
		Debug|Any CPU = Debug|Any CPU
		Release|Any CPU = Release|Any CPU
	EndGlobalSection
	GlobalSection(ProjectConfigurationPlatforms) = postSolution
		{B933BD80-C4F2-41E6-852B-DFA1A8841ECD}.Debug|Any CPU.ActiveCfg = Debug|Any CPU
		{B933BD80-C4F2-41E6-852B-DFA1A8841ECD}.Debug|Any CPU.Build.0 = Debug|Any CPU
		{B933BD80-C4F2-41E6-852B-DFA1A8841ECD}.Release|Any CPU.ActiveCfg = Release|Any CPU
		{B933BD80-C4F2-41E6-852B-DFA1A8841ECD}.Release|Any CPU.Build.0 = Release|Any CPU
	EndGlobalSection
	GlobalSection(SolutionProperties) = preSolution
		HideSolutionNode = FALSE
	EndGlobalSection
	GlobalSection(ExtensibilityGlobals) = postSolution
		SolutionGuid = {425D4020-7384-449C-A50E-2B0CCED41120}
	EndGlobalSection
EndGlobal
