
Microsoft Visual Studio Solution File, Format Version 12.00
# Visual Studio Version 17
VisualStudioVersion = 17.13.35931.197 d17.13
MinimumVisualStudioVersion = 10.0.40219.1
Project("{FAE04EC0-301F-11D3-BF4B-00C04F79EFBC}") = "ConsoleApp1", "ConsoleApp1\ConsoleApp1.csproj", "{E1D3F3F5-55CD-4C04-9779-8B1AA589171D}"
EndProject
Global
	GlobalSection(SolutionConfigurationPlatforms) = preSolution
		Debug|Any CPU = Debug|Any CPU
		Release|Any CPU = Release|Any CPU
	EndGlobalSection
	GlobalSection(ProjectConfigurationPlatforms) = postSolution
		{E1D3F3F5-55CD-4C04-9779-8B1AA589171D}.Debug|Any CPU.ActiveCfg = Debug|Any CPU
		{E1D3F3F5-55CD-4C04-9779-8B1AA589171D}.Debug|Any CPU.Build.0 = Debug|Any CPU
		{E1D3F3F5-55CD-4C04-9779-8B1AA589171D}.Release|Any CPU.ActiveCfg = Release|Any CPU
		{E1D3F3F5-55CD-4C04-9779-8B1AA589171D}.Release|Any CPU.Build.0 = Release|Any CPU
	EndGlobalSection
	GlobalSection(SolutionProperties) = preSolution
		HideSolutionNode = FALSE
	EndGlobalSection
	GlobalSection(ExtensibilityGlobals) = postSolution
		SolutionGuid = {BE537B2B-3DF0-455F-AF36-498683E025BA}
	EndGlobalSection
EndGlobal
